{
  "R": {
    "Version": "3.6.2",
    "Repositories": [
      {
        "Name": "CRAN",
        "URL": "https://cloud.r-project.org"
      }
    ]
  },
  "Packages": {
    "data.table": {
      "Package": "data.table",
      "Version": "1.12.8",
      "Source": "Repository",
      "Repository": "CRAN",
      "Hash": "cd711af60c47207a776213a368626369"
    },
    "tidyr": {
      "Package": "tidyr",
      "Version": "1.0.2",
      "Source": "Repository",
      "Repository": "CRAN",
      "Hash": "fb73a010ace00d6c584c2b53a21b969c"
    },
    "reshape2": {
      "Package": "reshape2",
      "Version": "1.4.3",
      "Source": "Repository",
      "Repository": "CRAN",
      "Hash": "15a23ad30f51789188e439599559815c"
    },
    "shiny": {
      "Package": "shiny",
      "Version": "1.4.0.2",
      "Source": "Repository",
      "Repository": "CRAN",
      "Hash": "a56d058adfc9df30bdd45dbb01cec39f"
    },
    "shinyWidgets": {
      "Package": "shinyWidgets",
      "Version": "0.5.0",
      "Source": "Repository",
      "Repository": "CRAN",
      "Hash": "fdf6a1a363579afab3d454887936f8cd"
    },
    "shinydashboard": {
      "Package": "shinydashboard",
      "Version": "0.7.1",
      "Source": "Repository",
      "Repository": "CRAN",
      "Hash": "133639dc106955eee4ffb8ec73edac37"
    },
    "shinydashboardPlus": {
      "Package": "shinydashboardPlus",
      "Version": "0.7.0",
      "Source": "Repository",
      "Repository": "CRAN",
      "Hash": "7e3b01c98e487d003d7e189ceb8317cd"
    },
    "DT": {
      "Package": "DT",
      "Version": "0.10",
      "Source": "Repository",
      "Repository": "CRAN",
      "Hash": "db11f72fe9e9f513de8c053d3771b5a2"
    },
    "plotly": {
      "Package": "plotly",
      "Version": "4.9.2.1",
      "Source": "Repository",
      "Repository": "CRAN",
      "Hash": "b08edf378e0e38959a6983e3d5902795"
    },
    "networkD3": {
      "Package": "networkD3",
      "Version": "0.4",
      "Source": "Repository",
      "Repository": "CRAN",
      "Hash": "38310ec4ddb1398359abdd603c151067"
    },
    "ade4": {
      "Package": "ade4",
      "Version": "1.7-13",
      "Source": "Repository",
      "Repository": "CRAN",
      "Hash": "2515a4fd96cad519227e284eb784ee92"
    },
    "cluster": {
      "Package": "cluster",
      "Version": "2.1.0",
      "Source": "Repository",
      "Repository": "CRAN",
      "Hash": "db63a44aab5aadcb6bf2f129751d129a"
    },
    "fpc": {
      "Package": "fpc",
      "Version": "2.2-4",
      "Source": "Repository",
      "Repository": "CRAN",
      "Hash": "b6378a703ae414efc32b8016341be603"
    },
    "GUniFrac": {
      "Package": "GUniFrac",
      "Version": "1.1",
      "Source": "Repository",
      "Repository": "CRAN",
      "Hash": "b6cf6405998b517831394213ac2f1276"
    },
    "heatmaply": {
      "Package": "heatmaply",
      "Version": "1.0.0",
      "Source": "Repository",
      "Repository": "CRAN",
      "Hash": "608b1eabd53d1cfbd69b8417078eacb6"
    },
    "klaR": {
      "Package": "klaR",
      "Version": "0.6-14",
      "Source": "Repository",
      "Repository": "CRAN",
      "Hash": "f4048a59426d4daaea9f26126daeedc7"
    },
    "phangorn": {
      "Package": "phangorn",
      "Version": "2.5.5",
      "Source": "Repository",
      "Repository": "CRAN",
      "Hash": "18ce26a390da0e66df79e6685065d72b"
    },
    "RColorBrewer": {
      "Package": "RColorBrewer",
      "Version": "1.1-2",
      "Source": "Repository",
      "Repository": "CRAN",
      "Hash": "e031418365a7f7a766181ab5a41a5716"
    },
    "Rtsne": {
      "Package": "Rtsne",
      "Version": "0.15",
      "Source": "Repository",
      "Repository": "CRAN",
      "Hash": "f153432c4ca15b937ccfaa40f167c892"
    },
    "textshape": {
      "Package": "textshape",
      "Version": "1.6.0",
      "Source": "Repository",
      "Repository": "CRAN",
      "Hash": "be5e42b1e236020ad525d26b781026f5"
    },
    "themetagenomics": {
      "Package": "themetagenomics",
      "Version": "1.0.0",
      "Source": "GitHub",
      "RemoteType": "github",
      "RemoteHost": "api.github.com",
      "RemoteRepo": "themetagenomics",
      "RemoteUsername": "alex-d13",
      "RemoteRef": "master",
      "RemoteSha": "89bfcb079ef7d5f11bc71b9366c6a02a9ad3008d",
      "Hash": "a2107d3504d3f50078a039aeeb611d3e"
    },
    "umap": {
      "Package": "umap",
      "Version": "0.2.4.1",
      "Source": "Repository",
      "Repository": "CRAN",
      "Hash": "bf16f0d4050364be38ba7480d63b0000"
    },
    "stm": {
      "Package": "stm",
      "Version": "1.3.5",
      "Source": "Repository",
      "Repository": "CRAN",
      "Hash": "4522d8b26dfb47ac79047f8c5d8a7bce"
    },
    "proxy": {
      "Package": "proxy",
      "Version": "0.4-23",
      "Source": "Repository",
      "Repository": "CRAN",
      "Hash": "152a2bd0a0d37edaeeecb52b68643f34"
    }
  }	
}
